{
  "name": "git-ai-commit",
  "version": "2.0.0",
  "lockfileVersion": 3,
  "requires": true,
  "packages": {
    "": {
      "name": "git-ai-commit",
      "version": "2.0.0",
      "license": "MIT",
      "dependencies": {
        "kleur": "^4.1.5"
      },
      "bin": {
        "git-ai-commit": "bin/git-ai-commit"
      },
      "engines": {
        "node": ">=18.0.0"
      }
    },
    "node_modules/kleur": {
      "version": "4.1.5",
      "resolved": "https://registry.npmjs.org/kleur/-/kleur-4.1.5.tgz",
      "integrity": "sha512-o+NO+8WrRiQEE4/7nwRJhN1HWpVmJm511pBHUxPLtp0BUISzlBplORYSmTclCnJvQq2tKu/sgl3xVpkc7ZWuQQ==",
      "license": "MIT",
      "engines": {
        "node": ">=6"
      }
    }
  }
}
